// !$*UTF8*$!
{
	archiveVersion = 1;
	classes = {
	};
	objectVersion = 46;
	objects = {

/* Begin PBXBuildFile section */
		51D75E071C59247F008788C7 /* ARPcible.m in Sources */ = {isa = PBXBuildFile; fileRef = 51D75E061C59247F008788C7 /* ARPcible.m */; };
		51D75E0A1C5929F0008788C7 /* ARPPartie.m in Sources */ = {isa = PBXBuildFile; fileRef = 51D75E091C5929F0008788C7 /* ARPPartie.m */; };
		E49C306E1C591CB800EB66B9 /* main.m in Sources */ = {isa = PBXBuildFile; fileRef = E49C306D1C591CB800EB66B9 /* main.m */; };
		E49C30711C591CB800EB66B9 /* AppDelegate.m in Sources */ = {isa = PBXBuildFile; fileRef = E49C30701C591CB800EB66B9 /* AppDelegate.m */; };
		E49C30741C591CB800EB66B9 /* ViewController.m in Sources */ = {isa = PBXBuildFile; fileRef = E49C30731C591CB800EB66B9 /* ViewController.m */; };
		E49C30771C591CB800EB66B9 /* Main.storyboard in Resources */ = {isa = PBXBuildFile; fileRef = E49C30751C591CB800EB66B9 /* Main.storyboard */; };
		E49C30791C591CB800EB66B9 /* Assets.xcassets in Resources */ = {isa = PBXBuildFile; fileRef = E49C30781C591CB800EB66B9 /* Assets.xcassets */; };
		E49C307C1C591CB800EB66B9 /* LaunchScreen.storyboard in Resources */ = {isa = PBXBuildFile; fileRef = E49C307A1C591CB800EB66B9 /* LaunchScreen.storyboard */; };
		E49C30871C591CB800EB66B9 /* ar_iosTests.m in Sources */ = {isa = PBXBuildFile; fileRef = E49C30861C591CB800EB66B9 /* ar_iosTests.m */; };
		E49C30921C591CB800EB66B9 /* ar_iosUITests.m in Sources */ = {isa = PBXBuildFile; fileRef = E49C30911C591CB800EB66B9 /* ar_iosUITests.m */; };
		ECC818F71C5929B400F86484 /* ARPPartie.m in Sources */ = {isa = PBXBuildFile; fileRef = ECC818F61C5929B400F86484 /* ARPPartie.m */; };
		ECC818FA1C592DD100F86484 /* ARPTir.m in Sources */ = {isa = PBXBuildFile; fileRef = ECC818F91C592DD100F86484 /* ARPTir.m */; };
/* End PBXBuildFile section */

/* Begin PBXContainerItemProxy section */
		E49C30831C591CB800EB66B9 /* PBXContainerItemProxy */ = {
			isa = PBXContainerItemProxy;
			containerPortal = E49C30611C591CB800EB66B9 /* Project object */;
			proxyType = 1;
			remoteGlobalIDString = E49C30681C591CB800EB66B9;
			remoteInfo = "ar-ios";
		};
		E49C308E1C591CB800EB66B9 /* PBXContainerItemProxy */ = {
			isa = PBXContainerItemProxy;
			containerPortal = E49C30611C591CB800EB66B9 /* Project object */;
			proxyType = 1;
			remoteGlobalIDString = E49C30681C591CB800EB66B9;
			remoteInfo = "ar-ios";
		};
/* End PBXContainerItemProxy section */

/* Begin PBXFileReference section */
		51D75E051C59247F008788C7 /* ARPcible.h */ = {isa = PBXFileReference; fileEncoding = 4; lastKnownFileType = sourcecode.c.h; path = ARPcible.h; sourceTree = "<group>"; };
		51D75E061C59247F008788C7 /* ARPcible.m */ = {isa = PBXFileReference; fileEncoding = 4; lastKnownFileType = sourcecode.c.objc; path = ARPcible.m; sourceTree = "<group>"; };
		51D75E081C5929F0008788C7 /* ARPPartie.h */ = {isa = PBXFileReference; fileEncoding = 4; lastKnownFileType = sourcecode.c.h; path = ARPPartie.h; sourceTree = "<group>"; };
		51D75E091C5929F0008788C7 /* ARPPartie.m */ = {isa = PBXFileReference; fileEncoding = 4; lastKnownFileType = sourcecode.c.objc; path = ARPPartie.m; sourceTree = "<group>"; };
		E49C30691C591CB800EB66B9 /* ar-ios.app */ = {isa = PBXFileReference; explicitFileType = wrapper.application; includeInIndex = 0; path = "ar-ios.app"; sourceTree = BUILT_PRODUCTS_DIR; };
		E49C306D1C591CB800EB66B9 /* main.m */ = {isa = PBXFileReference; lastKnownFileType = sourcecode.c.objc; path = main.m; sourceTree = "<group>"; };
		E49C306F1C591CB800EB66B9 /* AppDelegate.h */ = {isa = PBXFileReference; lastKnownFileType = sourcecode.c.h; path = AppDelegate.h; sourceTree = "<group>"; };
		E49C30701C591CB800EB66B9 /* AppDelegate.m */ = {isa = PBXFileReference; lastKnownFileType = sourcecode.c.objc; path = AppDelegate.m; sourceTree = "<group>"; };
		E49C30721C591CB800EB66B9 /* ViewController.h */ = {isa = PBXFileReference; lastKnownFileType = sourcecode.c.h; path = ViewController.h; sourceTree = "<group>"; };
		E49C30731C591CB800EB66B9 /* ViewController.m */ = {isa = PBXFileReference; lastKnownFileType = sourcecode.c.objc; path = ViewController.m; sourceTree = "<group>"; };
		E49C30761C591CB800EB66B9 /* Base */ = {isa = PBXFileReference; lastKnownFileType = file.storyboard; name = Base; path = Base.lproj/Main.storyboard; sourceTree = "<group>"; };
		E49C30781C591CB800EB66B9 /* Assets.xcassets */ = {isa = PBXFileReference; lastKnownFileType = folder.assetcatalog; path = Assets.xcassets; sourceTree = "<group>"; };
		E49C307B1C591CB800EB66B9 /* Base */ = {isa = PBXFileReference; lastKnownFileType = file.storyboard; name = Base; path = Base.lproj/LaunchScreen.storyboard; sourceTree = "<group>"; };
		E49C307D1C591CB800EB66B9 /* Info.plist */ = {isa = PBXFileReference; lastKnownFileType = text.plist.xml; path = Info.plist; sourceTree = "<group>"; };
		E49C30821C591CB800EB66B9 /* ar-iosTests.xctest */ = {isa = PBXFileReference; explicitFileType = wrapper.cfbundle; includeInIndex = 0; path = "ar-iosTests.xctest"; sourceTree = BUILT_PRODUCTS_DIR; };
		E49C30861C591CB800EB66B9 /* ar_iosTests.m */ = {isa = PBXFileReference; lastKnownFileType = sourcecode.c.objc; path = ar_iosTests.m; sourceTree = "<group>"; };
		E49C30881C591CB800EB66B9 /* Info.plist */ = {isa = PBXFileReference; lastKnownFileType = text.plist.xml; path = Info.plist; sourceTree = "<group>"; };
		E49C308D1C591CB800EB66B9 /* ar-iosUITests.xctest */ = {isa = PBXFileReference; explicitFileType = wrapper.cfbundle; includeInIndex = 0; path = "ar-iosUITests.xctest"; sourceTree = BUILT_PRODUCTS_DIR; };
		E49C30911C591CB800EB66B9 /* ar_iosUITests.m */ = {isa = PBXFileReference; lastKnownFileType = sourcecode.c.objc; path = ar_iosUITests.m; sourceTree = "<group>"; };
		E49C30931C591CB800EB66B9 /* Info.plist */ = {isa = PBXFileReference; lastKnownFileType = text.plist.xml; path = Info.plist; sourceTree = "<group>"; };
		ECC818F51C5929B400F86484 /* ARPPartie.h */ = {isa = PBXFileReference; fileEncoding = 4; lastKnownFileType = sourcecode.c.h; path = ARPPartie.h; sourceTree = "<group>"; };
		ECC818F61C5929B400F86484 /* ARPPartie.m */ = {isa = PBXFileReference; fileEncoding = 4; lastKnownFileType = sourcecode.c.objc; path = ARPPartie.m; sourceTree = "<group>"; };
		ECC818F81C592DD100F86484 /* ARPTir.h */ = {isa = PBXFileReference; fileEncoding = 4; lastKnownFileType = sourcecode.c.h; path = ARPTir.h; sourceTree = "<group>"; };
		ECC818F91C592DD100F86484 /* ARPTir.m */ = {isa = PBXFileReference; fileEncoding = 4; lastKnownFileType = sourcecode.c.objc; path = ARPTir.m; sourceTree = "<group>"; };
/* End PBXFileReference section */

/* Begin PBXFrameworksBuildPhase section */
		E49C30661C591CB800EB66B9 /* Frameworks */ = {
			isa = PBXFrameworksBuildPhase;
			buildActionMask = 2147483647;
			files = (
			);
			runOnlyForDeploymentPostprocessing = 0;
		};
		E49C307F1C591CB800EB66B9 /* Frameworks */ = {
			isa = PBXFrameworksBuildPhase;
			buildActionMask = 2147483647;
			files = (
			);
			runOnlyForDeploymentPostprocessing = 0;
		};
		E49C308A1C591CB800EB66B9 /* Frameworks */ = {
			isa = PBXFrameworksBuildPhase;
			buildActionMask = 2147483647;
			files = (
			);
			runOnlyForDeploymentPostprocessing = 0;
		};
/* End PBXFrameworksBuildPhase section */

/* Begin PBXGroup section */
		E49C30601C591CB800EB66B9 = {
			isa = PBXGroup;
			children = (
				E49C306B1C591CB800EB66B9 /* ar-ios */,
				E49C30851C591CB800EB66B9 /* ar-iosTests */,
				E49C30901C591CB800EB66B9 /* ar-iosUITests */,
				E49C306A1C591CB800EB66B9 /* Products */,
			);
			sourceTree = "<group>";
		};
		E49C306A1C591CB800EB66B9 /* Products */ = {
			isa = PBXGroup;
			children = (
				E49C30691C591CB800EB66B9 /* ar-ios.app */,
				E49C30821C591CB800EB66B9 /* ar-iosTests.xctest */,
				E49C308D1C591CB800EB66B9 /* ar-iosUITests.xctest */,
			);
			name = Products;
			sourceTree = "<group>";
		};
		E49C306B1C591CB800EB66B9 /* ar-ios */ = {
			isa = PBXGroup;
			children = (

				ECC818F51C5929B400F86484 /* ARPPartie.h */,
				ECC818F61C5929B400F86484 /* ARPPartie.m */,

				E49C306F1C591CB800EB66B9 /* AppDelegate.h */,
				E49C30701C591CB800EB66B9 /* AppDelegate.m */,
				E49C30721C591CB800EB66B9 /* ViewController.h */,
				E49C30731C591CB800EB66B9 /* ViewController.m */,
				51D75E051C59247F008788C7 /* ARPcible.h */,
				51D75E061C59247F008788C7 /* ARPcible.m */,
				E49C30751C591CB800EB66B9 /* Main.storyboard */,
				E49C30781C591CB800EB66B9 /* Assets.xcassets */,
				E49C307A1C591CB800EB66B9 /* LaunchScreen.storyboard */,
				E49C307D1C591CB800EB66B9 /* Info.plist */,
				E49C306C1C591CB800EB66B9 /* Supporting Files */,
				ECC818F81C592DD100F86484 /* ARPTir.h */,
				ECC818F91C592DD100F86484 /* ARPTir.m */,
			);
			path = "ar-ios";
			sourceTree = "<group>";
		};
		E49C306C1C591CB800EB66B9 /* Supporting Files */ = {
			isa = PBXGroup;
			children = (
				E49C306D1C591CB800EB66B9 /* main.m */,
			);
			name = "Supporting Files";
			sourceTree = "<group>";
		};
		E49C30851C591CB800EB66B9 /* ar-iosTests */ = {
			isa = PBXGroup;
			children = (
				E49C30861C591CB800EB66B9 /* ar_iosTests.m */,
				E49C30881C591CB800EB66B9 /* Info.plist */,
			);
			path = "ar-iosTests";
			sourceTree = "<group>";
		};
		E49C30901C591CB800EB66B9 /* ar-iosUITests */ = {
			isa = PBXGroup;
			children = (
				E49C30911C591CB800EB66B9 /* ar_iosUITests.m */,
				E49C30931C591CB800EB66B9 /* Info.plist */,
			);
			path = "ar-iosUITests";
			sourceTree = "<group>";
		};
/* End PBXGroup section */

/* Begin PBXNativeTarget section */
		E49C30681C591CB800EB66B9 /* ar-ios */ = {
			isa = PBXNativeTarget;
			buildConfigurationList = E49C30961C591CB800EB66B9 /* Build configuration list for PBXNativeTarget "ar-ios" */;
			buildPhases = (
				E49C30651C591CB800EB66B9 /* Sources */,
				E49C30661C591CB800EB66B9 /* Frameworks */,
				E49C30671C591CB800EB66B9 /* Resources */,
			);
			buildRules = (
			);
			dependencies = (
			);
			name = "ar-ios";
			productName = "ar-ios";
			productReference = E49C30691C591CB800EB66B9 /* ar-ios.app */;
			productType = "com.apple.product-type.application";
		};
		E49C30811C591CB800EB66B9 /* ar-iosTests */ = {
			isa = PBXNativeTarget;
			buildConfigurationList = E49C30991C591CB800EB66B9 /* Build configuration list for PBXNativeTarget "ar-iosTests" */;
			buildPhases = (
				E49C307E1C591CB800EB66B9 /* Sources */,
				E49C307F1C591CB800EB66B9 /* Frameworks */,
				E49C30801C591CB800EB66B9 /* Resources */,
			);
			buildRules = (
			);
			dependencies = (
				E49C30841C591CB800EB66B9 /* PBXTargetDependency */,
			);
			name = "ar-iosTests";
			productName = "ar-iosTests";
			productReference = E49C30821C591CB800EB66B9 /* ar-iosTests.xctest */;
			productType = "com.apple.product-type.bundle.unit-test";
		};
		E49C308C1C591CB800EB66B9 /* ar-iosUITests */ = {
			isa = PBXNativeTarget;
			buildConfigurationList = E49C309C1C591CB800EB66B9 /* Build configuration list for PBXNativeTarget "ar-iosUITests" */;
			buildPhases = (
				E49C30891C591CB800EB66B9 /* Sources */,
				E49C308A1C591CB800EB66B9 /* Frameworks */,
				E49C308B1C591CB800EB66B9 /* Resources */,
			);
			buildRules = (
			);
			dependencies = (
				E49C308F1C591CB800EB66B9 /* PBXTargetDependency */,
			);
			name = "ar-iosUITests";
			productName = "ar-iosUITests";
			productReference = E49C308D1C591CB800EB66B9 /* ar-iosUITests.xctest */;
			productType = "com.apple.product-type.bundle.ui-testing";
		};
/* End PBXNativeTarget section */

/* Begin PBXProject section */
		E49C30611C591CB800EB66B9 /* Project object */ = {
			isa = PBXProject;
			attributes = {
				LastUpgradeCheck = 0720;
				ORGANIZATIONNAME = Jordan;
				TargetAttributes = {
					E49C30681C591CB800EB66B9 = {
						CreatedOnToolsVersion = 7.2;
					};
					E49C30811C591CB800EB66B9 = {
						CreatedOnToolsVersion = 7.2;
						TestTargetID = E49C30681C591CB800EB66B9;
					};
					E49C308C1C591CB800EB66B9 = {
						CreatedOnToolsVersion = 7.2;
						TestTargetID = E49C30681C591CB800EB66B9;
					};
				};
			};
			buildConfigurationList = E49C30641C591CB800EB66B9 /* Build configuration list for PBXProject "ar-ios" */;
			compatibilityVersion = "Xcode 3.2";
			developmentRegion = English;
			hasScannedForEncodings = 0;
			knownRegions = (
				en,
				Base,
			);
			mainGroup = E49C30601C591CB800EB66B9;
			productRefGroup = E49C306A1C591CB800EB66B9 /* Products */;
			projectDirPath = "";
			projectRoot = "";
			targets = (
				E49C30681C591CB800EB66B9 /* ar-ios */,
				E49C30811C591CB800EB66B9 /* ar-iosTests */,
				E49C308C1C591CB800EB66B9 /* ar-iosUITests */,
			);
		};
/* End PBXProject section */

/* Begin PBXResourcesBuildPhase section */
		E49C30671C591CB800EB66B9 /* Resources */ = {
			isa = PBXResourcesBuildPhase;
			buildActionMask = 2147483647;
			files = (
				E49C307C1C591CB800EB66B9 /* LaunchScreen.storyboard in Resources */,
				E49C30791C591CB800EB66B9 /* Assets.xcassets in Resources */,
				E49C30771C591CB800EB66B9 /* Main.storyboard in Resources */,
			);
			runOnlyForDeploymentPostprocessing = 0;
		};
		E49C30801C591CB800EB66B9 /* Resources */ = {
			isa = PBXResourcesBuildPhase;
			buildActionMask = 2147483647;
			files = (
			);
			runOnlyForDeploymentPostprocessing = 0;
		};
		E49C308B1C591CB800EB66B9 /* Resources */ = {
			isa = PBXResourcesBuildPhase;
			buildActionMask = 2147483647;
			files = (
			);
			runOnlyForDeploymentPostprocessing = 0;
		};
/* End PBXResourcesBuildPhase section */

/* Begin PBXSourcesBuildPhase section */
		E49C30651C591CB800EB66B9 /* Sources */ = {
			isa = PBXSourcesBuildPhase;
			buildActionMask = 2147483647;
			files = (
				E49C30741C591CB800EB66B9 /* ViewController.m in Sources */,
				E49C30711C591CB800EB66B9 /* AppDelegate.m in Sources */,
				E49C306E1C591CB800EB66B9 /* main.m in Sources */,
				ECC818F71C5929B400F86484 /* ARPPartie.m in Sources */,
				51D75E071C59247F008788C7 /* ARPcible.m in Sources */,
				ECC818FA1C592DD100F86484 /* ARPTir.m in Sources */,
			);
			runOnlyForDeploymentPostprocessing = 0;
		};
		E49C307E1C591CB800EB66B9 /* Sources */ = {
			isa = PBXSourcesBuildPhase;
			buildActionMask = 2147483647;
			files = (
				E49C30871C591CB800EB66B9 /* ar_iosTests.m in Sources */,
			);
			runOnlyForDeploymentPostprocessing = 0;
		};
		E49C30891C591CB800EB66B9 /* Sources */ = {
			isa = PBXSourcesBuildPhase;
			buildActionMask = 2147483647;
			files = (
				E49C30921C591CB800EB66B9 /* ar_iosUITests.m in Sources */,
			);
			runOnlyForDeploymentPostprocessing = 0;
		};
/* End PBXSourcesBuildPhase section */

/* Begin PBXTargetDependency section */
		E49C30841C591CB800EB66B9 /* PBXTargetDependency */ = {
			isa = PBXTargetDependency;
			target = E49C30681C591CB800EB66B9 /* ar-ios */;
			targetProxy = E49C30831C591CB800EB66B9 /* PBXContainerItemProxy */;
		};
		E49C308F1C591CB800EB66B9 /* PBXTargetDependency */ = {
			isa = PBXTargetDependency;
			target = E49C30681C591CB800EB66B9 /* ar-ios */;
			targetProxy = E49C308E1C591CB800EB66B9 /* PBXContainerItemProxy */;
		};
/* End PBXTargetDependency section */

/* Begin PBXVariantGroup section */
		E49C30751C591CB800EB66B9 /* Main.storyboard */ = {
			isa = PBXVariantGroup;
			children = (
				E49C30761C591CB800EB66B9 /* Base */,
			);
			name = Main.storyboard;
			sourceTree = "<group>";
		};
		E49C307A1C591CB800EB66B9 /* LaunchScreen.storyboard */ = {
			isa = PBXVariantGroup;
			children = (
				E49C307B1C591CB800EB66B9 /* Base */,
			);
			name = LaunchScreen.storyboard;
			sourceTree = "<group>";
		};
/* End PBXVariantGroup section */

/* Begin XCBuildConfiguration section */
		E49C30941C591CB800EB66B9 /* Debug */ = {
			isa = XCBuildConfiguration;
			buildSettings = {
				ALWAYS_SEARCH_USER_PATHS = NO;
				CLANG_CXX_LANGUAGE_STANDARD = "gnu++0x";
				CLANG_CXX_LIBRARY = "libc++";
				CLANG_ENABLE_MODULES = YES;
				CLANG_ENABLE_OBJC_ARC = YES;
				CLANG_WARN_BOOL_CONVERSION = YES;
				CLANG_WARN_CONSTANT_CONVERSION = YES;
				CLANG_WARN_DIRECT_OBJC_ISA_USAGE = YES_ERROR;
				CLANG_WARN_EMPTY_BODY = YES;
				CLANG_WARN_ENUM_CONVERSION = YES;
				CLANG_WARN_INT_CONVERSION = YES;
				CLANG_WARN_OBJC_ROOT_CLASS = YES_ERROR;
				CLANG_WARN_UNREACHABLE_CODE = YES;
				CLANG_WARN__DUPLICATE_METHOD_MATCH = YES;
				"CODE_SIGN_IDENTITY[sdk=iphoneos*]" = "iPhone Developer";
				COPY_PHASE_STRIP = NO;
				DEBUG_INFORMATION_FORMAT = dwarf;
				ENABLE_STRICT_OBJC_MSGSEND = YES;
				ENABLE_TESTABILITY = YES;
				GCC_C_LANGUAGE_STANDARD = gnu99;
				GCC_DYNAMIC_NO_PIC = NO;
				GCC_NO_COMMON_BLOCKS = YES;
				GCC_OPTIMIZATION_LEVEL = 0;
				GCC_PREPROCESSOR_DEFINITIONS = (
					"DEBUG=1",
					"$(inherited)",
				);
				GCC_WARN_64_TO_32_BIT_CONVERSION = YES;
				GCC_WARN_ABOUT_RETURN_TYPE = YES_ERROR;
				GCC_WARN_UNDECLARED_SELECTOR = YES;
				GCC_WARN_UNINITIALIZED_AUTOS = YES_AGGRESSIVE;
				GCC_WARN_UNUSED_FUNCTION = YES;
				GCC_WARN_UNUSED_VARIABLE = YES;
				IPHONEOS_DEPLOYMENT_TARGET = 9.2;
				MTL_ENABLE_DEBUG_INFO = YES;
				ONLY_ACTIVE_ARCH = YES;
				SDKROOT = iphoneos;
			};
			name = Debug;
		};
		E49C30951C591CB800EB66B9 /* Release */ = {
			isa = XCBuildConfiguration;
			buildSettings = {
				ALWAYS_SEARCH_USER_PATHS = NO;
				CLANG_CXX_LANGUAGE_STANDARD = "gnu++0x";
				CLANG_CXX_LIBRARY = "libc++";
				CLANG_ENABLE_MODULES = YES;
				CLANG_ENABLE_OBJC_ARC = YES;
				CLANG_WARN_BOOL_CONVERSION = YES;
				CLANG_WARN_CONSTANT_CONVERSION = YES;
				CLANG_WARN_DIRECT_OBJC_ISA_USAGE = YES_ERROR;
				CLANG_WARN_EMPTY_BODY = YES;
				CLANG_WARN_ENUM_CONVERSION = YES;
				CLANG_WARN_INT_CONVERSION = YES;
				CLANG_WARN_OBJC_ROOT_CLASS = YES_ERROR;
				CLANG_WARN_UNREACHABLE_CODE = YES;
				CLANG_WARN__DUPLICATE_METHOD_MATCH = YES;
				"CODE_SIGN_IDENTITY[sdk=iphoneos*]" = "iPhone Developer";
				COPY_PHASE_STRIP = NO;
				DEBUG_INFORMATION_FORMAT = "dwarf-with-dsym";
				ENABLE_NS_ASSERTIONS = NO;
				ENABLE_STRICT_OBJC_MSGSEND = YES;
				GCC_C_LANGUAGE_STANDARD = gnu99;
				GCC_NO_COMMON_BLOCKS = YES;
				GCC_WARN_64_TO_32_BIT_CONVERSION = YES;
				GCC_WARN_ABOUT_RETURN_TYPE = YES_ERROR;
				GCC_WARN_UNDECLARED_SELECTOR = YES;
				GCC_WARN_UNINITIALIZED_AUTOS = YES_AGGRESSIVE;
				GCC_WARN_UNUSED_FUNCTION = YES;
				GCC_WARN_UNUSED_VARIABLE = YES;
				IPHONEOS_DEPLOYMENT_TARGET = 9.2;
				MTL_ENABLE_DEBUG_INFO = NO;
				SDKROOT = iphoneos;
				VALIDATE_PRODUCT = YES;
			};
			name = Release;
		};
		E49C30971C591CB800EB66B9 /* Debug */ = {
			isa = XCBuildConfiguration;
			buildSettings = {
				ASSETCATALOG_COMPILER_APPICON_NAME = AppIcon;
				INFOPLIST_FILE = "ar-ios/Info.plist";
				LD_RUNPATH_SEARCH_PATHS = "$(inherited) @executable_path/Frameworks";
				PRODUCT_BUNDLE_IDENTIFIER = "Jordan.ar-ios";
				PRODUCT_NAME = "$(TARGET_NAME)";
			};
			name = Debug;
		};
		E49C30981C591CB800EB66B9 /* Release */ = {
			isa = XCBuildConfiguration;
			buildSettings = {
				ASSETCATALOG_COMPILER_APPICON_NAME = AppIcon;
				INFOPLIST_FILE = "ar-ios/Info.plist";
				LD_RUNPATH_SEARCH_PATHS = "$(inherited) @executable_path/Frameworks";
				PRODUCT_BUNDLE_IDENTIFIER = "Jordan.ar-ios";
				PRODUCT_NAME = "$(TARGET_NAME)";
			};
			name = Release;
		};
		E49C309A1C591CB800EB66B9 /* Debug */ = {
			isa = XCBuildConfiguration;
			buildSettings = {
				BUNDLE_LOADER = "$(TEST_HOST)";
				INFOPLIST_FILE = "ar-iosTests/Info.plist";
				LD_RUNPATH_SEARCH_PATHS = "$(inherited) @executable_path/Frameworks @loader_path/Frameworks";
				PRODUCT_BUNDLE_IDENTIFIER = "Jordan.ar-iosTests";
				PRODUCT_NAME = "$(TARGET_NAME)";
				TEST_HOST = "$(BUILT_PRODUCTS_DIR)/ar-ios.app/ar-ios";
			};
			name = Debug;
		};
		E49C309B1C591CB800EB66B9 /* Release */ = {
			isa = XCBuildConfiguration;
			buildSettings = {
				BUNDLE_LOADER = "$(TEST_HOST)";
				INFOPLIST_FILE = "ar-iosTests/Info.plist";
				LD_RUNPATH_SEARCH_PATHS = "$(inherited) @executable_path/Frameworks @loader_path/Frameworks";
				PRODUCT_BUNDLE_IDENTIFIER = "Jordan.ar-iosTests";
				PRODUCT_NAME = "$(TARGET_NAME)";
				TEST_HOST = "$(BUILT_PRODUCTS_DIR)/ar-ios.app/ar-ios";
			};
			name = Release;
		};
		E49C309D1C591CB800EB66B9 /* Debug */ = {
			isa = XCBuildConfiguration;
			buildSettings = {
				INFOPLIST_FILE = "ar-iosUITests/Info.plist";
				LD_RUNPATH_SEARCH_PATHS = "$(inherited) @executable_path/Frameworks @loader_path/Frameworks";
				PRODUCT_BUNDLE_IDENTIFIER = "Jordan.ar-iosUITests";
				PRODUCT_NAME = "$(TARGET_NAME)";
				TEST_TARGET_NAME = "ar-ios";
				USES_XCTRUNNER = YES;
			};
			name = Debug;
		};
		E49C309E1C591CB800EB66B9 /* Release */ = {
			isa = XCBuildConfiguration;
			buildSettings = {
				INFOPLIST_FILE = "ar-iosUITests/Info.plist";
				LD_RUNPATH_SEARCH_PATHS = "$(inherited) @executable_path/Frameworks @loader_path/Frameworks";
				PRODUCT_BUNDLE_IDENTIFIER = "Jordan.ar-iosUITests";
				PRODUCT_NAME = "$(TARGET_NAME)";
				TEST_TARGET_NAME = "ar-ios";
				USES_XCTRUNNER = YES;
			};
			name = Release;
		};
/* End XCBuildConfiguration section */

/* Begin XCConfigurationList section */
		E49C30641C591CB800EB66B9 /* Build configuration list for PBXProject "ar-ios" */ = {
			isa = XCConfigurationList;
			buildConfigurations = (
				E49C30941C591CB800EB66B9 /* Debug */,
				E49C30951C591CB800EB66B9 /* Release */,
			);
			defaultConfigurationIsVisible = 0;
			defaultConfigurationName = Release;
		};
		E49C30961C591CB800EB66B9 /* Build configuration list for PBXNativeTarget "ar-ios" */ = {
			isa = XCConfigurationList;
			buildConfigurations = (
				E49C30971C591CB800EB66B9 /* Debug */,
				E49C30981C591CB800EB66B9 /* Release */,
			);
			defaultConfigurationIsVisible = 0;
			defaultConfigurationName = Release;
		};
		E49C30991C591CB800EB66B9 /* Build configuration list for PBXNativeTarget "ar-iosTests" */ = {
			isa = XCConfigurationList;
			buildConfigurations = (
				E49C309A1C591CB800EB66B9 /* Debug */,
				E49C309B1C591CB800EB66B9 /* Release */,
			);
			defaultConfigurationIsVisible = 0;
			defaultConfigurationName = Release;
		};
		E49C309C1C591CB800EB66B9 /* Build configuration list for PBXNativeTarget "ar-iosUITests" */ = {
			isa = XCConfigurationList;
			buildConfigurations = (
				E49C309D1C591CB800EB66B9 /* Debug */,
				E49C309E1C591CB800EB66B9 /* Release */,
			);
			defaultConfigurationIsVisible = 0;
			defaultConfigurationName = Release;
		};
/* End XCConfigurationList section */
	};
	rootObject = E49C30611C591CB800EB66B9 /* Project object */;
}
